{
  "version": 4,
  "terraform_version": "1.3.1",
  "serial": 81,
  "lineage": "6a0cda8d-4d83-3892-fbad-a1c54425e1c3",
  "outputs": {},
  "resources": [
    {
      "module": "module.accepter",
      "mode": "managed",
      "type": "aws_vpc_peering_connection_accepter",
      "name": "peer",
      "provider": "provider[\"registry.terraform.io/hashicorp/aws\"].vpc2",
      "instances": [
        {
          "schema_version": 0,
          "attributes": {
            "accept_status": "active",
            "accepter": [
              {
                "allow_classic_link_to_remote_vpc": false,
                "allow_remote_vpc_dns_resolution": false,
                "allow_vpc_to_remote_classic_link": false
              }
            ],
            "auto_accept": true,
            "id": "pcx-049888493ca40fd2c",
            "peer_owner_id": "645826813396",
            "peer_region": "us-east-2",
            "peer_vpc_id": "vpc-00b87e192add92c8d",
            "requester": [
              {
                "allow_classic_link_to_remote_vpc": false,
                "allow_remote_vpc_dns_resolution": false,
                "allow_vpc_to_remote_classic_link": false
              }
            ],
            "tags": {
              "Side": "Accepter"
            },
            "tags_all": {
              "Side": "Accepter"
            },
            "timeouts": null,
            "vpc_id": "vpc-08d8710d65bb56809",
            "vpc_peering_connection_id": "pcx-049888493ca40fd2c"
          },
          "sensitive_attributes": [],
          "private": "eyJlMmJmYjczMC1lY2FhLTExZTYtOGY4OC0zNDM2M2JjN2M0YzAiOnsiY3JlYXRlIjo2MDAwMDAwMDAwMCwidXBkYXRlIjo2MDAwMDAwMDAwMH19",
          "dependencies": [
            "module.requestor.aws_vpc_peering_connection.requestor",
            "module.vpc1.aws_vpc.vpc1",
            "module.vpc2.aws_vpc.vpc2"
          ]
        }
      ]
    },
    {
      "module": "module.requestor",
      "mode": "managed",
      "type": "aws_vpc_peering_connection",
      "name": "requestor",
      "provider": "module.requestor.provider[\"registry.terraform.io/hashicorp/aws\"].default",
      "instances": [
        {
          "schema_version": 0,
          "attributes": {
            "accept_status": "pending-acceptance",
            "accepter": [],
            "auto_accept": false,
            "id": "pcx-049888493ca40fd2c",
            "peer_owner_id": "645826813396",
            "peer_region": "us-east-2",
            "peer_vpc_id": "vpc-00b87e192add92c8d",
            "requester": [
              {
                "allow_classic_link_to_remote_vpc": false,
                "allow_remote_vpc_dns_resolution": false,
                "allow_vpc_to_remote_classic_link": false
              }
            ],
            "tags": {
              "Name": "peer-vpc1-to-vpc2"
            },
            "tags_all": {
              "Name": "peer-vpc1-to-vpc2"
            },
            "timeouts": null,
            "vpc_id": "vpc-08d8710d65bb56809"
          },
          "sensitive_attributes": [],
          "private": "eyJlMmJmYjczMC1lY2FhLTExZTYtOGY4OC0zNDM2M2JjN2M0YzAiOnsiY3JlYXRlIjo2MDAwMDAwMDAwMCwiZGVsZXRlIjo2MDAwMDAwMDAwMCwidXBkYXRlIjo2MDAwMDAwMDAwMH19",
          "dependencies": [
            "module.vpc1.aws_vpc.vpc1",
            "module.vpc2.aws_vpc.vpc2"
          ]
        }
      ]
    },
    {
      "module": "module.vpc1",
      "mode": "managed",
      "type": "aws_vpc",
      "name": "vpc1",
      "provider": "provider[\"registry.terraform.io/hashicorp/aws\"].default",
      "instances": [
        {
          "schema_version": 1,
          "attributes": {
            "arn": "arn:aws:ec2:ap-south-1:645826813396:vpc/vpc-08d8710d65bb56809",
            "assign_generated_ipv6_cidr_block": false,
            "cidr_block": "10.0.0.0/18",
            "default_network_acl_id": "acl-0bab63684ba0bf43d",
            "default_route_table_id": "rtb-05beb0718672aa3eb",
            "default_security_group_id": "sg-0aea996036a95f87f",
            "dhcp_options_id": "dopt-05b73009e9499d1c8",
            "enable_classiclink": false,
            "enable_classiclink_dns_support": false,
            "enable_dns_hostnames": false,
            "enable_dns_support": true,
            "enable_network_address_usage_metrics": false,
            "id": "vpc-08d8710d65bb56809",
            "instance_tenancy": "default",
            "ipv4_ipam_pool_id": null,
            "ipv4_netmask_length": null,
            "ipv6_association_id": "",
            "ipv6_cidr_block": "",
            "ipv6_cidr_block_network_border_group": "",
            "ipv6_ipam_pool_id": "",
            "ipv6_netmask_length": 0,
            "main_route_table_id": "rtb-05beb0718672aa3eb",
            "owner_id": "645826813396",
            "tags": {
              "Name": "vpc1"
            },
            "tags_all": {
              "Name": "vpc1"
            }
          },
          "sensitive_attributes": [],
          "private": "eyJzY2hlbWFfdmVyc2lvbiI6IjEifQ=="
        }
      ]
    },
    {
      "module": "module.vpc2",
      "mode": "managed",
      "type": "aws_vpc",
      "name": "vpc2",
      "provider": "provider[\"registry.terraform.io/hashicorp/aws\"].vpc2",
      "instances": [
        {
          "schema_version": 1,
          "attributes": {
            "arn": "arn:aws:ec2:us-east-2:645826813396:vpc/vpc-00b87e192add92c8d",
            "assign_generated_ipv6_cidr_block": false,
            "cidr_block": "11.0.0.0/18",
            "default_network_acl_id": "acl-03b0e72e6f91bfb9d",
            "default_route_table_id": "rtb-07b78fba38cea15c1",
            "default_security_group_id": "sg-05a66e2a8d39e546a",
            "dhcp_options_id": "dopt-0d65a0876716588e5",
            "enable_classiclink": false,
            "enable_classiclink_dns_support": false,
            "enable_dns_hostnames": false,
            "enable_dns_support": true,
            "enable_network_address_usage_metrics": false,
            "id": "vpc-00b87e192add92c8d",
            "instance_tenancy": "default",
            "ipv4_ipam_pool_id": null,
            "ipv4_netmask_length": null,
            "ipv6_association_id": "",
            "ipv6_cidr_block": "",
            "ipv6_cidr_block_network_border_group": "",
            "ipv6_ipam_pool_id": "",
            "ipv6_netmask_length": 0,
            "main_route_table_id": "rtb-07b78fba38cea15c1",
            "owner_id": "645826813396",
            "tags": {
              "Name": "vpc2"
            },
            "tags_all": {
              "Name": "vpc2"
            }
          },
          "sensitive_attributes": [],
          "private": "eyJzY2hlbWFfdmVyc2lvbiI6IjEifQ=="
        }
      ]
    }
  ],
  "check_results": []
}
